// !$*UTF8*$!
{
	archiveVersion = 1;
	classes = {
	};
	objectVersion = 50;
	objects = {

/* Begin PBXBuildFile section */
		84969D0A21BC82AE003E3CE5 /* AppDelegate.swift in Sources */ = {isa = PBXBuildFile; fileRef = 84969D0921BC82AE003E3CE5 /* AppDelegate.swift */; };
		84969D0C21BC82AE003E3CE5 /* ViewController.swift in Sources */ = {isa = PBXBuildFile; fileRef = 84969D0B21BC82AE003E3CE5 /* ViewController.swift */; };
		84969D0F21BC82AE003E3CE5 /* Main.storyboard in Resources */ = {isa = PBXBuildFile; fileRef = 84969D0D21BC82AE003E3CE5 /* Main.storyboard */; };
		84969D1121BC82B0003E3CE5 /* Assets.xcassets in Resources */ = {isa = PBXBuildFile; fileRef = 84969D1021BC82B0003E3CE5 /* Assets.xcassets */; };
		84969D1421BC82B0003E3CE5 /* LaunchScreen.storyboard in Resources */ = {isa = PBXBuildFile; fileRef = 84969D1221BC82B0003E3CE5 /* LaunchScreen.storyboard */; };
		84969D1C21BC82CF003E3CE5 /* Token.swift in Sources */ = {isa = PBXBuildFile; fileRef = 84969D1B21BC82CF003E3CE5 /* Token.swift */; };
		84969D1E21BC82FE003E3CE5 /* Stack.swift in Sources */ = {isa = PBXBuildFile; fileRef = 84969D1D21BC82FE003E3CE5 /* Stack.swift */; };
		84969D2021BC8325003E3CE5 /* Queue.swift in Sources */ = {isa = PBXBuildFile; fileRef = 84969D1F21BC8325003E3CE5 /* Queue.swift */; };
		84969D2221BC83D6003E3CE5 /* Number.swift in Sources */ = {isa = PBXBuildFile; fileRef = 84969D2121BC83D6003E3CE5 /* Number.swift */; };
		84969D2421BC8443003E3CE5 /* Operator.swift in Sources */ = {isa = PBXBuildFile; fileRef = 84969D2321BC8443003E3CE5 /* Operator.swift */; };
		84C73B6521BCFAB10063E309 /* Tokenizer.swift in Sources */ = {isa = PBXBuildFile; fileRef = 84C73B6421BCFAB10063E309 /* Tokenizer.swift */; };
		84C73B6721BD0CE20063E309 /* Parenthesis.swift in Sources */ = {isa = PBXBuildFile; fileRef = 84C73B6621BD0CE20063E309 /* Parenthesis.swift */; };
		84C73B6921BD16C10063E309 /* RPN.swift in Sources */ = {isa = PBXBuildFile; fileRef = 84C73B6821BD16C10063E309 /* RPN.swift */; };
/* End PBXBuildFile section */

/* Begin PBXFileReference section */
		84969D0621BC82AE003E3CE5 /* Calculator.app */ = {isa = PBXFileReference; explicitFileType = wrapper.application; includeInIndex = 0; path = Calculator.app; sourceTree = BUILT_PRODUCTS_DIR; };
		84969D0921BC82AE003E3CE5 /* AppDelegate.swift */ = {isa = PBXFileReference; lastKnownFileType = sourcecode.swift; path = AppDelegate.swift; sourceTree = "<group>"; };
		84969D0B21BC82AE003E3CE5 /* ViewController.swift */ = {isa = PBXFileReference; lastKnownFileType = sourcecode.swift; path = ViewController.swift; sourceTree = "<group>"; };
		84969D0E21BC82AE003E3CE5 /* Base */ = {isa = PBXFileReference; lastKnownFileType = file.storyboard; name = Base; path = Base.lproj/Main.storyboard; sourceTree = "<group>"; };
		84969D1021BC82B0003E3CE5 /* Assets.xcassets */ = {isa = PBXFileReference; lastKnownFileType = folder.assetcatalog; path = Assets.xcassets; sourceTree = "<group>"; };
		84969D1321BC82B0003E3CE5 /* Base */ = {isa = PBXFileReference; lastKnownFileType = file.storyboard; name = Base; path = Base.lproj/LaunchScreen.storyboard; sourceTree = "<group>"; };
		84969D1521BC82B0003E3CE5 /* Info.plist */ = {isa = PBXFileReference; lastKnownFileType = text.plist.xml; path = Info.plist; sourceTree = "<group>"; };
		84969D1B21BC82CF003E3CE5 /* Token.swift */ = {isa = PBXFileReference; lastKnownFileType = sourcecode.swift; path = Token.swift; sourceTree = "<group>"; };
		84969D1D21BC82FE003E3CE5 /* Stack.swift */ = {isa = PBXFileReference; lastKnownFileType = sourcecode.swift; path = Stack.swift; sourceTree = "<group>"; };
		84969D1F21BC8325003E3CE5 /* Queue.swift */ = {isa = PBXFileReference; lastKnownFileType = sourcecode.swift; path = Queue.swift; sourceTree = "<group>"; };
		84969D2121BC83D6003E3CE5 /* Number.swift */ = {isa = PBXFileReference; lastKnownFileType = sourcecode.swift; path = Number.swift; sourceTree = "<group>"; };
		84969D2321BC8443003E3CE5 /* Operator.swift */ = {isa = PBXFileReference; lastKnownFileType = sourcecode.swift; path = Operator.swift; sourceTree = "<group>"; };
		84C73B6421BCFAB10063E309 /* Tokenizer.swift */ = {isa = PBXFileReference; lastKnownFileType = sourcecode.swift; path = Tokenizer.swift; sourceTree = "<group>"; };
		84C73B6621BD0CE20063E309 /* Parenthesis.swift */ = {isa = PBXFileReference; lastKnownFileType = sourcecode.swift; path = Parenthesis.swift; sourceTree = "<group>"; };
		84C73B6821BD16C10063E309 /* RPN.swift */ = {isa = PBXFileReference; lastKnownFileType = sourcecode.swift; path = RPN.swift; sourceTree = "<group>"; };
/* End PBXFileReference section */

/* Begin PBXFrameworksBuildPhase section */
		84969D0321BC82AE003E3CE5 /* Frameworks */ = {
			isa = PBXFrameworksBuildPhase;
			buildActionMask = 2147483647;
			files = (
			);
			runOnlyForDeploymentPostprocessing = 0;
		};
/* End PBXFrameworksBuildPhase section */

/* Begin PBXGroup section */
		84969CFD21BC82AE003E3CE5 = {
			isa = PBXGroup;
			children = (
				84969D0821BC82AE003E3CE5 /* Calculator */,
				84969D0721BC82AE003E3CE5 /* Products */,
			);
			sourceTree = "<group>";
		};
		84969D0721BC82AE003E3CE5 /* Products */ = {
			isa = PBXGroup;
			children = (
				84969D0621BC82AE003E3CE5 /* Calculator.app */,
			);
			name = Products;
			sourceTree = "<group>";
		};
		84969D0821BC82AE003E3CE5 /* Calculator */ = {
			isa = PBXGroup;
			children = (
				84969D0921BC82AE003E3CE5 /* AppDelegate.swift */,
				84969D0B21BC82AE003E3CE5 /* ViewController.swift */,
				84969D1F21BC8325003E3CE5 /* Queue.swift */,
				84969D1D21BC82FE003E3CE5 /* Stack.swift */,
				84969D2321BC8443003E3CE5 /* Operator.swift */,
				84C73B6621BD0CE20063E309 /* Parenthesis.swift */,
				84C73B6421BCFAB10063E309 /* Tokenizer.swift */,
				84C73B6821BD16C10063E309 /* RPN.swift */,
				84969D2121BC83D6003E3CE5 /* Number.swift */,
				84969D1B21BC82CF003E3CE5 /* Token.swift */,
				84969D0D21BC82AE003E3CE5 /* Main.storyboard */,
				84969D1021BC82B0003E3CE5 /* Assets.xcassets */,
				84969D1221BC82B0003E3CE5 /* LaunchScreen.storyboard */,
				84969D1521BC82B0003E3CE5 /* Info.plist */,
			);
			path = Calculator;
			sourceTree = "<group>";
		};
/* End PBXGroup section */

/* Begin PBXNativeTarget section */
		84969D0521BC82AE003E3CE5 /* Calculator */ = {
			isa = PBXNativeTarget;
			buildConfigurationList = 84969D1821BC82B0003E3CE5 /* Build configuration list for PBXNativeTarget "Calculator" */;
			buildPhases = (
				84969D0221BC82AE003E3CE5 /* Sources */,
				84969D0321BC82AE003E3CE5 /* Frameworks */,
				84969D0421BC82AE003E3CE5 /* Resources */,
			);
			buildRules = (
			);
			dependencies = (
			);
			name = Calculator;
			productName = Calculator;
			productReference = 84969D0621BC82AE003E3CE5 /* Calculator.app */;
			productType = "com.apple.product-type.application";
		};
/* End PBXNativeTarget section */

/* Begin PBXProject section */
		84969CFE21BC82AE003E3CE5 /* Project object */ = {
			isa = PBXProject;
			attributes = {
				LastSwiftUpdateCheck = 1010;
				LastUpgradeCheck = 1010;
				ORGANIZATIONNAME = "Titichot Nuntapramote";
				TargetAttributes = {
					84969D0521BC82AE003E3CE5 = {
						CreatedOnToolsVersion = 10.1;
					};
				};
			};
			buildConfigurationList = 84969D0121BC82AE003E3CE5 /* Build configuration list for PBXProject "Calculator" */;
			compatibilityVersion = "Xcode 9.3";
			developmentRegion = en;
			hasScannedForEncodings = 0;
			knownRegions = (
				en,
				Base,
			);
			mainGroup = 84969CFD21BC82AE003E3CE5;
			productRefGroup = 84969D0721BC82AE003E3CE5 /* Products */;
			projectDirPath = "";
			projectRoot = "";
			targets = (
				84969D0521BC82AE003E3CE5 /* Calculator */,
			);
		};
/* End PBXProject section */

/* Begin PBXResourcesBuildPhase section */
		84969D0421BC82AE003E3CE5 /* Resources */ = {
			isa = PBXResourcesBuildPhase;
			buildActionMask = 2147483647;
			files = (
				84969D1421BC82B0003E3CE5 /* LaunchScreen.storyboard in Resources */,
				84969D1121BC82B0003E3CE5 /* Assets.xcassets in Resources */,
				84969D0F21BC82AE003E3CE5 /* Main.storyboard in Resources */,
			);
			runOnlyForDeploymentPostprocessing = 0;
		};
/* End PBXResourcesBuildPhase section */

/* Begin PBXSourcesBuildPhase section */
		84969D0221BC82AE003E3CE5 /* Sources */ = {
			isa = PBXSourcesBuildPhase;
			buildActionMask = 2147483647;
			files = (
				84969D2021BC8325003E3CE5 /* Queue.swift in Sources */,
				84C73B6721BD0CE20063E309 /* Parenthesis.swift in Sources */,
				84969D1E21BC82FE003E3CE5 /* Stack.swift in Sources */,
				84969D2221BC83D6003E3CE5 /* Number.swift in Sources */,
				84C73B6921BD16C10063E309 /* RPN.swift in Sources */,
				84969D1C21BC82CF003E3CE5 /* Token.swift in Sources */,
				84969D2421BC8443003E3CE5 /* Operator.swift in Sources */,
				84C73B6521BCFAB10063E309 /* Tokenizer.swift in Sources */,
				84969D0C21BC82AE003E3CE5 /* ViewController.swift in Sources */,
				84969D0A21BC82AE003E3CE5 /* AppDelegate.swift in Sources */,
			);
			runOnlyForDeploymentPostprocessing = 0;
		};
/* End PBXSourcesBuildPhase section */

/* Begin PBXVariantGroup section */
		84969D0D21BC82AE003E3CE5 /* Main.storyboard */ = {
			isa = PBXVariantGroup;
			children = (
				84969D0E21BC82AE003E3CE5 /* Base */,
			);
			name = Main.storyboard;
			sourceTree = "<group>";
		};
		84969D1221BC82B0003E3CE5 /* LaunchScreen.storyboard */ = {
			isa = PBXVariantGroup;
			children = (
				84969D1321BC82B0003E3CE5 /* Base */,
			);
			name = LaunchScreen.storyboard;
			sourceTree = "<group>";
		};
/* End PBXVariantGroup section */

/* Begin XCBuildConfiguration section */
		84969D1621BC82B0003E3CE5 /* Debug */ = {
			isa = XCBuildConfiguration;
			buildSettings = {
				ALWAYS_SEARCH_USER_PATHS = NO;
				CLANG_ANALYZER_NONNULL = YES;
				CLANG_ANALYZER_NUMBER_OBJECT_CONVERSION = YES_AGGRESSIVE;
				CLANG_CXX_LANGUAGE_STANDARD = "gnu++14";
				CLANG_CXX_LIBRARY = "libc++";
				CLANG_ENABLE_MODULES = YES;
				CLANG_ENABLE_OBJC_ARC = YES;
				CLANG_ENABLE_OBJC_WEAK = YES;
				CLANG_WARN_BLOCK_CAPTURE_AUTORELEASING = YES;
				CLANG_WARN_BOOL_CONVERSION = YES;
				CLANG_WARN_COMMA = YES;
				CLANG_WARN_CONSTANT_CONVERSION = YES;
				CLANG_WARN_DEPRECATED_OBJC_IMPLEMENTATIONS = YES;
				CLANG_WARN_DIRECT_OBJC_ISA_USAGE = YES_ERROR;
				CLANG_WARN_DOCUMENTATION_COMMENTS = YES;
				CLANG_WARN_EMPTY_BODY = YES;
				CLANG_WARN_ENUM_CONVERSION = YES;
				CLANG_WARN_INFINITE_RECURSION = YES;
				CLANG_WARN_INT_CONVERSION = YES;
				CLANG_WARN_NON_LITERAL_NULL_CONVERSION = YES;
				CLANG_WARN_OBJC_IMPLICIT_RETAIN_SELF = YES;
				CLANG_WARN_OBJC_LITERAL_CONVERSION = YES;
				CLANG_WARN_OBJC_ROOT_CLASS = YES_ERROR;
				CLANG_WARN_RANGE_LOOP_ANALYSIS = YES;
				CLANG_WARN_STRICT_PROTOTYPES = YES;
				CLANG_WARN_SUSPICIOUS_MOVE = YES;
				CLANG_WARN_UNGUARDED_AVAILABILITY = YES_AGGRESSIVE;
				CLANG_WARN_UNREACHABLE_CODE = YES;
				CLANG_WARN__DUPLICATE_METHOD_MATCH = YES;
				CODE_SIGN_IDENTITY = "iPhone Developer";
				COPY_PHASE_STRIP = NO;
				DEBUG_INFORMATION_FORMAT = dwarf;
				ENABLE_STRICT_OBJC_MSGSEND = YES;
				ENABLE_TESTABILITY = YES;
				GCC_C_LANGUAGE_STANDARD = gnu11;
				GCC_DYNAMIC_NO_PIC = NO;
				GCC_NO_COMMON_BLOCKS = YES;
				GCC_OPTIMIZATION_LEVEL = 0;
				GCC_PREPROCESSOR_DEFINITIONS = (
					"DEBUG=1",
					"$(inherited)",
				);
				GCC_WARN_64_TO_32_BIT_CONVERSION = YES;
				GCC_WARN_ABOUT_RETURN_TYPE = YES_ERROR;
				GCC_WARN_UNDECLARED_SELECTOR = YES;
				GCC_WARN_UNINITIALIZED_AUTOS = YES_AGGRESSIVE;
				GCC_WARN_UNUSED_FUNCTION = YES;
				GCC_WARN_UNUSED_VARIABLE = YES;
				IPHONEOS_DEPLOYMENT_TARGET = 12.1;
				MTL_ENABLE_DEBUG_INFO = INCLUDE_SOURCE;
				MTL_FAST_MATH = YES;
				ONLY_ACTIVE_ARCH = YES;
				SDKROOT = iphoneos;
				SWIFT_ACTIVE_COMPILATION_CONDITIONS = DEBUG;
				SWIFT_OPTIMIZATION_LEVEL = "-Onone";
			};
			name = Debug;
		};
		84969D1721BC82B0003E3CE5 /* Release */ = {
			isa = XCBuildConfiguration;
			buildSettings = {
				ALWAYS_SEARCH_USER_PATHS = NO;
				CLANG_ANALYZER_NONNULL = YES;
				CLANG_ANALYZER_NUMBER_OBJECT_CONVERSION = YES_AGGRESSIVE;
				CLANG_CXX_LANGUAGE_STANDARD = "gnu++14";
				CLANG_CXX_LIBRARY = "libc++";
				CLANG_ENABLE_MODULES = YES;
				CLANG_ENABLE_OBJC_ARC = YES;
				CLANG_ENABLE_OBJC_WEAK = YES;
				CLANG_WARN_BLOCK_CAPTURE_AUTORELEASING = YES;
				CLANG_WARN_BOOL_CONVERSION = YES;
				CLANG_WARN_COMMA = YES;
				CLANG_WARN_CONSTANT_CONVERSION = YES;
				CLANG_WARN_DEPRECATED_OBJC_IMPLEMENTATIONS = YES;
				CLANG_WARN_DIRECT_OBJC_ISA_USAGE = YES_ERROR;
				CLANG_WARN_DOCUMENTATION_COMMENTS = YES;
				CLANG_WARN_EMPTY_BODY = YES;
				CLANG_WARN_ENUM_CONVERSION = YES;
				CLANG_WARN_INFINITE_RECURSION = YES;
				CLANG_WARN_INT_CONVERSION = YES;
				CLANG_WARN_NON_LITERAL_NULL_CONVERSION = YES;
				CLANG_WARN_OBJC_IMPLICIT_RETAIN_SELF = YES;
				CLANG_WARN_OBJC_LITERAL_CONVERSION = YES;
				CLANG_WARN_OBJC_ROOT_CLASS = YES_ERROR;
				CLANG_WARN_RANGE_LOOP_ANALYSIS = YES;
				CLANG_WARN_STRICT_PROTOTYPES = YES;
				CLANG_WARN_SUSPICIOUS_MOVE = YES;
				CLANG_WARN_UNGUARDED_AVAILABILITY = YES_AGGRESSIVE;
				CLANG_WARN_UNREACHABLE_CODE = YES;
				CLANG_WARN__DUPLICATE_METHOD_MATCH = YES;
				CODE_SIGN_IDENTITY = "iPhone Developer";
				COPY_PHASE_STRIP = NO;
				DEBUG_INFORMATION_FORMAT = "dwarf-with-dsym";
				ENABLE_NS_ASSERTIONS = NO;
				ENABLE_STRICT_OBJC_MSGSEND = YES;
				GCC_C_LANGUAGE_STANDARD = gnu11;
				GCC_NO_COMMON_BLOCKS = YES;
				GCC_WARN_64_TO_32_BIT_CONVERSION = YES;
				GCC_WARN_ABOUT_RETURN_TYPE = YES_ERROR;
				GCC_WARN_UNDECLARED_SELECTOR = YES;
				GCC_WARN_UNINITIALIZED_AUTOS = YES_AGGRESSIVE;
				GCC_WARN_UNUSED_FUNCTION = YES;
				GCC_WARN_UNUSED_VARIABLE = YES;
				IPHONEOS_DEPLOYMENT_TARGET = 12.1;
				MTL_ENABLE_DEBUG_INFO = NO;
				MTL_FAST_MATH = YES;
				SDKROOT = iphoneos;
				SWIFT_COMPILATION_MODE = wholemodule;
				SWIFT_OPTIMIZATION_LEVEL = "-O";
				VALIDATE_PRODUCT = YES;
			};
			name = Release;
		};
		84969D1921BC82B0003E3CE5 /* Debug */ = {
			isa = XCBuildConfiguration;
			buildSettings = {
				ASSETCATALOG_COMPILER_APPICON_NAME = AppIcon;
				CODE_SIGN_STYLE = Automatic;
				DEVELOPMENT_TEAM = K2LW9DW8HA;
				INFOPLIST_FILE = Calculator/Info.plist;
				LD_RUNPATH_SEARCH_PATHS = (
					"$(inherited)",
					"@executable_path/Frameworks",
				);
				PRODUCT_BUNDLE_IDENTIFIER = tnuntapramote.com.Calculator;
				PRODUCT_NAME = "$(TARGET_NAME)";
				SWIFT_VERSION = 4.2;
				TARGETED_DEVICE_FAMILY = "1,2";
			};
			name = Debug;
		};
		84969D1A21BC82B0003E3CE5 /* Release */ = {
			isa = XCBuildConfiguration;
			buildSettings = {
				ASSETCATALOG_COMPILER_APPICON_NAME = AppIcon;
				CODE_SIGN_STYLE = Automatic;
				DEVELOPMENT_TEAM = K2LW9DW8HA;
				INFOPLIST_FILE = Calculator/Info.plist;
				LD_RUNPATH_SEARCH_PATHS = (
					"$(inherited)",
					"@executable_path/Frameworks",
				);
				PRODUCT_BUNDLE_IDENTIFIER = tnuntapramote.com.Calculator;
				PRODUCT_NAME = "$(TARGET_NAME)";
				SWIFT_VERSION = 4.2;
				TARGETED_DEVICE_FAMILY = "1,2";
			};
			name = Release;
		};
/* End XCBuildConfiguration section */

/* Begin XCConfigurationList section */
		84969D0121BC82AE003E3CE5 /* Build configuration list for PBXProject "Calculator" */ = {
			isa = XCConfigurationList;
			buildConfigurations = (
				84969D1621BC82B0003E3CE5 /* Debug */,
				84969D1721BC82B0003E3CE5 /* Release */,
			);
			defaultConfigurationIsVisible = 0;
			defaultConfigurationName = Release;
		};
		84969D1821BC82B0003E3CE5 /* Build configuration list for PBXNativeTarget "Calculator" */ = {
			isa = XCConfigurationList;
			buildConfigurations = (
				84969D1921BC82B0003E3CE5 /* Debug */,
				84969D1A21BC82B0003E3CE5 /* Release */,
			);
			defaultConfigurationIsVisible = 0;
			defaultConfigurationName = Release;
		};
/* End XCConfigurationList section */
	};
	rootObject = 84969CFE21BC82AE003E3CE5 /* Project object */;
}
